
Microsoft Visual Studio Solution File, Format Version 12.00
# Visual Studio 14
VisualStudioVersion = 14.0.25420.1
MinimumVisualStudioVersion = 10.0.40219.1
Project("{8BC9CEB8-8B4A-11D0-8D11-00A0C91BC942}") = "candump", "candump\candump.vcxproj", "{15838351-18E2-464B-A13E-7F77AF15647E}"
	ProjectSection(ProjectDependencies) = postProject
		{DCAA2947-786C-4724-A540-01362AFB7AF0} = {DCAA2947-786C-4724-A540-01362AFB7AF0}
	EndProjectSection
EndProject
Project("{8BC9CEB8-8B4A-11D0-8D11-00A0C91BC942}") = "can-utils-libs", "can-utils-libs\libs.vcxproj", "{DCAA2947-786C-4724-A540-01362AFB7AF0}"
EndProject
Project("{8BC9CEB8-8B4A-11D0-8D11-00A0C91BC942}") = "cansend", "cansend\cansend.vcxproj", "{C33582B5-B0C9-4E20-8E33-B5CEF7A1A3C1}"
	ProjectSection(ProjectDependencies) = postProject
		{DCAA2947-786C-4724-A540-01362AFB7AF0} = {DCAA2947-786C-4724-A540-01362AFB7AF0}
	EndProjectSection
EndProject
Project("{8BC9CEB8-8B4A-11D0-8D11-00A0C91BC942}") = "cangen", "cangen\cangen.vcxproj", "{C1E0F6CC-B36D-42E7-AC39-DE4D05A247E9}"
	ProjectSection(ProjectDependencies) = postProject
		{DCAA2947-786C-4724-A540-01362AFB7AF0} = {DCAA2947-786C-4724-A540-01362AFB7AF0}
	EndProjectSection
EndProject
Project("{8BC9CEB8-8B4A-11D0-8D11-00A0C91BC942}") = "canplayer", "canplayer\canplayer.vcxproj", "{E8D2B998-B218-48C4-A8E1-2617D0D6E567}"
	ProjectSection(ProjectDependencies) = postProject
		{DCAA2947-786C-4724-A540-01362AFB7AF0} = {DCAA2947-786C-4724-A540-01362AFB7AF0}
	EndProjectSection
EndProject
Project("{8BC9CEB8-8B4A-11D0-8D11-00A0C91BC942}") = "canlogserver", "canlogserver\canlogserver.vcxproj", "{788F6756-201A-4613-A82E-28320DEA2461}"
	ProjectSection(ProjectDependencies) = postProject
		{DCAA2947-786C-4724-A540-01362AFB7AF0} = {DCAA2947-786C-4724-A540-01362AFB7AF0}
	EndProjectSection
EndProject
Project("{8BC9CEB8-8B4A-11D0-8D11-00A0C91BC942}") = "log2long", "log2long\log2long.vcxproj", "{4513EC54-03D8-4BF5-8436-768467355F70}"
	ProjectSection(ProjectDependencies) = postProject
		{DCAA2947-786C-4724-A540-01362AFB7AF0} = {DCAA2947-786C-4724-A540-01362AFB7AF0}
	EndProjectSection
EndProject
Project("{8BC9CEB8-8B4A-11D0-8D11-00A0C91BC942}") = "log2asc", "log2asc\log2asc.vcxproj", "{9D6B8F52-C97A-4F2E-BF5F-D45D70722517}"
	ProjectSection(ProjectDependencies) = postProject
		{DCAA2947-786C-4724-A540-01362AFB7AF0} = {DCAA2947-786C-4724-A540-01362AFB7AF0}
	EndProjectSection
EndProject
Project("{8BC9CEB8-8B4A-11D0-8D11-00A0C91BC942}") = "asc2log", "asc2log\asc2log.vcxproj", "{AE6A0F55-9215-4FDD-88C5-9C8F92845563}"
	ProjectSection(ProjectDependencies) = postProject
		{DCAA2947-786C-4724-A540-01362AFB7AF0} = {DCAA2947-786C-4724-A540-01362AFB7AF0}
	EndProjectSection
EndProject
Project("{8BC9CEB8-8B4A-11D0-8D11-00A0C91BC942}") = "canbusload", "canbusload\canbusload.vcxproj", "{63DAAE1A-F9D7-4629-B2D5-6AE02D5F5374}"
	ProjectSection(ProjectDependencies) = postProject
		{DCAA2947-786C-4724-A540-01362AFB7AF0} = {DCAA2947-786C-4724-A540-01362AFB7AF0}
	EndProjectSection
EndProject
Project("{8BC9CEB8-8B4A-11D0-8D11-00A0C91BC942}") = "isotpdump", "isotpdump\isotpdump.vcxproj", "{BAC345E8-2EFC-4E8E-BE59-427E58883C84}"
EndProject
Project("{8BC9CEB8-8B4A-11D0-8D11-00A0C91BC942}") = "isotprecv", "isotprecv\isotprecv.vcxproj", "{08319421-F835-47D6-9030-A336081DF572}"
EndProject
Project("{8BC9CEB8-8B4A-11D0-8D11-00A0C91BC942}") = "isotpsend", "isotpsend\isotpsend.vcxproj", "{2F68CFE4-D646-4A82-8EC7-1012D9E506A0}"
EndProject
Project("{8BC9CEB8-8B4A-11D0-8D11-00A0C91BC942}") = "isotpsniffer", "isotpsniffer\isotpsniffer.vcxproj", "{8C611E7C-5974-4F6D-97E7-454F6C6D52E8}"
EndProject
Project("{8BC9CEB8-8B4A-11D0-8D11-00A0C91BC942}") = "isotptun", "isotptun\isotptun.vcxproj", "{87C30888-620A-4CC0-BEAD-69879CDEAC19}"
EndProject
Project("{8BC9CEB8-8B4A-11D0-8D11-00A0C91BC942}") = "isotpserver", "isotpserver\isotpserver.vcxproj", "{D8BE8055-587A-4283-A56F-510A4EF64205}"
EndProject
Project("{8BC9CEB8-8B4A-11D0-8D11-00A0C91BC942}") = "isotpperf", "isotpperf\isotpperf.vcxproj", "{AAE83867-3608-4BC8-B1EE-20DB6DE06EB4}"
EndProject
Project("{8BC9CEB8-8B4A-11D0-8D11-00A0C91BC942}") = "cangw", "cangw\cangw.vcxproj", "{3527B71D-645D-41B2-B2D4-0E725BE224F9}"
EndProject
Project("{8BC9CEB8-8B4A-11D0-8D11-00A0C91BC942}") = "slcan_attach", "slcan_attach\slcan_attach.vcxproj", "{FF7E53BD-056F-487C-86B1-3635428733F6}"
EndProject
Project("{8BC9CEB8-8B4A-11D0-8D11-00A0C91BC942}") = "slcand", "slcand\slcand.vcxproj", "{3776B7AF-A0EF-4ADF-88CA-B216E4A59FD8}"
EndProject
Project("{8BC9CEB8-8B4A-11D0-8D11-00A0C91BC942}") = "can-calc-bit-timing", "can-calc-bit-timing\can-calc-bit-timing.vcxproj", "{2835DF3C-01EB-4316-B561-A767101A3E77}"
EndProject
Project("{8BC9CEB8-8B4A-11D0-8D11-00A0C91BC942}") = "bcmserver", "bcmserver\bcmserver.vcxproj", "{050BA268-6E11-43D7-917B-B4BE761DFCDF}"
EndProject
Project("{8BC9CEB8-8B4A-11D0-8D11-00A0C91BC942}") = "slcanpty", "slcanpty\slcanpty.vcxproj", "{F07E7072-E978-4977-880B-F887A9B6EB4E}"
EndProject
Project("{8BC9CEB8-8B4A-11D0-8D11-00A0C91BC942}") = "canfdtest", "canfdtest\canfdtest.vcxproj", "{6B7CADAA-8CD7-4A06-B929-39A1B597B2D0}"
EndProject
Project("{8BC9CEB8-8B4A-11D0-8D11-00A0C91BC942}") = "cansniffer", "cansniffer\cansniffer.vcxproj", "{93C72E90-9221-4CEC-95D2-AF10BC05837F}"
EndProject
Global
	GlobalSection(SolutionConfigurationPlatforms) = preSolution
		Debug|ARM = Debug|ARM
		Release|ARM = Release|ARM
	EndGlobalSection
	GlobalSection(ProjectConfigurationPlatforms) = postSolution
		{15838351-18E2-464B-A13E-7F77AF15647E}.Debug|ARM.ActiveCfg = Debug|ARM
		{15838351-18E2-464B-A13E-7F77AF15647E}.Debug|ARM.Build.0 = Debug|ARM
		{15838351-18E2-464B-A13E-7F77AF15647E}.Release|ARM.ActiveCfg = Release|ARM
		{15838351-18E2-464B-A13E-7F77AF15647E}.Release|ARM.Build.0 = Release|ARM
		{DCAA2947-786C-4724-A540-01362AFB7AF0}.Debug|ARM.ActiveCfg = Debug|ARM
		{DCAA2947-786C-4724-A540-01362AFB7AF0}.Debug|ARM.Build.0 = Debug|ARM
		{DCAA2947-786C-4724-A540-01362AFB7AF0}.Release|ARM.ActiveCfg = Release|ARM
		{DCAA2947-786C-4724-A540-01362AFB7AF0}.Release|ARM.Build.0 = Release|ARM
		{C33582B5-B0C9-4E20-8E33-B5CEF7A1A3C1}.Debug|ARM.ActiveCfg = Debug|ARM
		{C33582B5-B0C9-4E20-8E33-B5CEF7A1A3C1}.Debug|ARM.Build.0 = Debug|ARM
		{C33582B5-B0C9-4E20-8E33-B5CEF7A1A3C1}.Release|ARM.ActiveCfg = Release|ARM
		{C33582B5-B0C9-4E20-8E33-B5CEF7A1A3C1}.Release|ARM.Build.0 = Release|ARM
		{C1E0F6CC-B36D-42E7-AC39-DE4D05A247E9}.Debug|ARM.ActiveCfg = Debug|ARM
		{C1E0F6CC-B36D-42E7-AC39-DE4D05A247E9}.Debug|ARM.Build.0 = Debug|ARM
		{C1E0F6CC-B36D-42E7-AC39-DE4D05A247E9}.Release|ARM.ActiveCfg = Release|ARM
		{C1E0F6CC-B36D-42E7-AC39-DE4D05A247E9}.Release|ARM.Build.0 = Release|ARM
		{E8D2B998-B218-48C4-A8E1-2617D0D6E567}.Debug|ARM.ActiveCfg = Debug|ARM
		{E8D2B998-B218-48C4-A8E1-2617D0D6E567}.Debug|ARM.Build.0 = Debug|ARM
		{E8D2B998-B218-48C4-A8E1-2617D0D6E567}.Release|ARM.ActiveCfg = Release|ARM
		{E8D2B998-B218-48C4-A8E1-2617D0D6E567}.Release|ARM.Build.0 = Release|ARM
		{788F6756-201A-4613-A82E-28320DEA2461}.Debug|ARM.ActiveCfg = Debug|ARM
		{788F6756-201A-4613-A82E-28320DEA2461}.Debug|ARM.Build.0 = Debug|ARM
		{788F6756-201A-4613-A82E-28320DEA2461}.Release|ARM.ActiveCfg = Release|ARM
		{788F6756-201A-4613-A82E-28320DEA2461}.Release|ARM.Build.0 = Release|ARM
		{4513EC54-03D8-4BF5-8436-768467355F70}.Debug|ARM.ActiveCfg = Debug|ARM
		{4513EC54-03D8-4BF5-8436-768467355F70}.Debug|ARM.Build.0 = Debug|ARM
		{4513EC54-03D8-4BF5-8436-768467355F70}.Release|ARM.ActiveCfg = Release|ARM
		{4513EC54-03D8-4BF5-8436-768467355F70}.Release|ARM.Build.0 = Release|ARM
		{9D6B8F52-C97A-4F2E-BF5F-D45D70722517}.Debug|ARM.ActiveCfg = Debug|ARM
		{9D6B8F52-C97A-4F2E-BF5F-D45D70722517}.Debug|ARM.Build.0 = Debug|ARM
		{9D6B8F52-C97A-4F2E-BF5F-D45D70722517}.Release|ARM.ActiveCfg = Release|ARM
		{9D6B8F52-C97A-4F2E-BF5F-D45D70722517}.Release|ARM.Build.0 = Release|ARM
		{AE6A0F55-9215-4FDD-88C5-9C8F92845563}.Debug|ARM.ActiveCfg = Debug|ARM
		{AE6A0F55-9215-4FDD-88C5-9C8F92845563}.Debug|ARM.Build.0 = Debug|ARM
		{AE6A0F55-9215-4FDD-88C5-9C8F92845563}.Release|ARM.ActiveCfg = Release|ARM
		{AE6A0F55-9215-4FDD-88C5-9C8F92845563}.Release|ARM.Build.0 = Release|ARM
		{63DAAE1A-F9D7-4629-B2D5-6AE02D5F5374}.Debug|ARM.ActiveCfg = Debug|ARM
		{63DAAE1A-F9D7-4629-B2D5-6AE02D5F5374}.Debug|ARM.Build.0 = Debug|ARM
		{63DAAE1A-F9D7-4629-B2D5-6AE02D5F5374}.Release|ARM.ActiveCfg = Release|ARM
		{63DAAE1A-F9D7-4629-B2D5-6AE02D5F5374}.Release|ARM.Build.0 = Release|ARM
		{BAC345E8-2EFC-4E8E-BE59-427E58883C84}.Debug|ARM.ActiveCfg = Debug|ARM
		{BAC345E8-2EFC-4E8E-BE59-427E58883C84}.Debug|ARM.Build.0 = Debug|ARM
		{BAC345E8-2EFC-4E8E-BE59-427E58883C84}.Release|ARM.ActiveCfg = Release|ARM
		{BAC345E8-2EFC-4E8E-BE59-427E58883C84}.Release|ARM.Build.0 = Release|ARM
		{08319421-F835-47D6-9030-A336081DF572}.Debug|ARM.ActiveCfg = Debug|ARM
		{08319421-F835-47D6-9030-A336081DF572}.Debug|ARM.Build.0 = Debug|ARM
		{08319421-F835-47D6-9030-A336081DF572}.Release|ARM.ActiveCfg = Release|ARM
		{08319421-F835-47D6-9030-A336081DF572}.Release|ARM.Build.0 = Release|ARM
		{2F68CFE4-D646-4A82-8EC7-1012D9E506A0}.Debug|ARM.ActiveCfg = Debug|ARM
		{2F68CFE4-D646-4A82-8EC7-1012D9E506A0}.Debug|ARM.Build.0 = Debug|ARM
		{2F68CFE4-D646-4A82-8EC7-1012D9E506A0}.Release|ARM.ActiveCfg = Release|ARM
		{2F68CFE4-D646-4A82-8EC7-1012D9E506A0}.Release|ARM.Build.0 = Release|ARM
		{8C611E7C-5974-4F6D-97E7-454F6C6D52E8}.Debug|ARM.ActiveCfg = Debug|ARM
		{8C611E7C-5974-4F6D-97E7-454F6C6D52E8}.Debug|ARM.Build.0 = Debug|ARM
		{8C611E7C-5974-4F6D-97E7-454F6C6D52E8}.Release|ARM.ActiveCfg = Release|ARM
		{8C611E7C-5974-4F6D-97E7-454F6C6D52E8}.Release|ARM.Build.0 = Release|ARM
		{87C30888-620A-4CC0-BEAD-69879CDEAC19}.Debug|ARM.ActiveCfg = Debug|ARM
		{87C30888-620A-4CC0-BEAD-69879CDEAC19}.Debug|ARM.Build.0 = Debug|ARM
		{87C30888-620A-4CC0-BEAD-69879CDEAC19}.Release|ARM.ActiveCfg = Release|ARM
		{87C30888-620A-4CC0-BEAD-69879CDEAC19}.Release|ARM.Build.0 = Release|ARM
		{D8BE8055-587A-4283-A56F-510A4EF64205}.Debug|ARM.ActiveCfg = Debug|ARM
		{D8BE8055-587A-4283-A56F-510A4EF64205}.Debug|ARM.Build.0 = Debug|ARM
		{D8BE8055-587A-4283-A56F-510A4EF64205}.Release|ARM.ActiveCfg = Release|ARM
		{D8BE8055-587A-4283-A56F-510A4EF64205}.Release|ARM.Build.0 = Release|ARM
		{AAE83867-3608-4BC8-B1EE-20DB6DE06EB4}.Debug|ARM.ActiveCfg = Debug|ARM
		{AAE83867-3608-4BC8-B1EE-20DB6DE06EB4}.Debug|ARM.Build.0 = Debug|ARM
		{AAE83867-3608-4BC8-B1EE-20DB6DE06EB4}.Release|ARM.ActiveCfg = Release|ARM
		{AAE83867-3608-4BC8-B1EE-20DB6DE06EB4}.Release|ARM.Build.0 = Release|ARM
		{3527B71D-645D-41B2-B2D4-0E725BE224F9}.Debug|ARM.ActiveCfg = Debug|ARM
		{3527B71D-645D-41B2-B2D4-0E725BE224F9}.Debug|ARM.Build.0 = Debug|ARM
		{3527B71D-645D-41B2-B2D4-0E725BE224F9}.Release|ARM.ActiveCfg = Release|ARM
		{3527B71D-645D-41B2-B2D4-0E725BE224F9}.Release|ARM.Build.0 = Release|ARM
		{FF7E53BD-056F-487C-86B1-3635428733F6}.Debug|ARM.ActiveCfg = Debug|ARM
		{FF7E53BD-056F-487C-86B1-3635428733F6}.Debug|ARM.Build.0 = Debug|ARM
		{FF7E53BD-056F-487C-86B1-3635428733F6}.Release|ARM.ActiveCfg = Release|ARM
		{FF7E53BD-056F-487C-86B1-3635428733F6}.Release|ARM.Build.0 = Release|ARM
		{3776B7AF-A0EF-4ADF-88CA-B216E4A59FD8}.Debug|ARM.ActiveCfg = Debug|ARM
		{3776B7AF-A0EF-4ADF-88CA-B216E4A59FD8}.Debug|ARM.Build.0 = Debug|ARM
		{3776B7AF-A0EF-4ADF-88CA-B216E4A59FD8}.Release|ARM.ActiveCfg = Release|ARM
		{3776B7AF-A0EF-4ADF-88CA-B216E4A59FD8}.Release|ARM.Build.0 = Release|ARM
		{2835DF3C-01EB-4316-B561-A767101A3E77}.Debug|ARM.ActiveCfg = Debug|ARM
		{2835DF3C-01EB-4316-B561-A767101A3E77}.Debug|ARM.Build.0 = Debug|ARM
		{2835DF3C-01EB-4316-B561-A767101A3E77}.Release|ARM.ActiveCfg = Release|ARM
		{2835DF3C-01EB-4316-B561-A767101A3E77}.Release|ARM.Build.0 = Release|ARM
		{050BA268-6E11-43D7-917B-B4BE761DFCDF}.Debug|ARM.ActiveCfg = Debug|ARM
		{050BA268-6E11-43D7-917B-B4BE761DFCDF}.Debug|ARM.Build.0 = Debug|ARM
		{050BA268-6E11-43D7-917B-B4BE761DFCDF}.Release|ARM.ActiveCfg = Release|ARM
		{050BA268-6E11-43D7-917B-B4BE761DFCDF}.Release|ARM.Build.0 = Release|ARM
		{F07E7072-E978-4977-880B-F887A9B6EB4E}.Debug|ARM.ActiveCfg = Debug|ARM
		{F07E7072-E978-4977-880B-F887A9B6EB4E}.Debug|ARM.Build.0 = Debug|ARM
		{F07E7072-E978-4977-880B-F887A9B6EB4E}.Release|ARM.ActiveCfg = Release|ARM
		{F07E7072-E978-4977-880B-F887A9B6EB4E}.Release|ARM.Build.0 = Release|ARM
		{6B7CADAA-8CD7-4A06-B929-39A1B597B2D0}.Debug|ARM.ActiveCfg = Debug|ARM
		{6B7CADAA-8CD7-4A06-B929-39A1B597B2D0}.Debug|ARM.Build.0 = Debug|ARM
		{6B7CADAA-8CD7-4A06-B929-39A1B597B2D0}.Release|ARM.ActiveCfg = Release|ARM
		{6B7CADAA-8CD7-4A06-B929-39A1B597B2D0}.Release|ARM.Build.0 = Release|ARM
		{93C72E90-9221-4CEC-95D2-AF10BC05837F}.Debug|ARM.ActiveCfg = Debug|ARM
		{93C72E90-9221-4CEC-95D2-AF10BC05837F}.Debug|ARM.Build.0 = Debug|ARM
		{93C72E90-9221-4CEC-95D2-AF10BC05837F}.Release|ARM.ActiveCfg = Release|ARM
		{93C72E90-9221-4CEC-95D2-AF10BC05837F}.Release|ARM.Build.0 = Release|ARM
	EndGlobalSection
	GlobalSection(SolutionProperties) = preSolution
		HideSolutionNode = FALSE
	EndGlobalSection
EndGlobal
